
Microsoft Visual Studio Solution File, Format Version 12.00
# Visual Studio Version 17
VisualStudioVersion = 17.4.33122.133
MinimumVisualStudioVersion = 10.0.40219.1
Project("{FAE04EC0-301F-11D3-BF4B-00C04F79EFBC}") = "DotNet6CustomAttribute", "DotNet6CustomAttribute.csproj", "{03E489D4-BDBF-4988-8089-71FCEFE3CAAF}"
EndProject
Global
	GlobalSection(SolutionConfigurationPlatforms) = preSolution
		Debug|Any CPU = Debug|Any CPU
		Release|Any CPU = Release|Any CPU
	EndGlobalSection
	GlobalSection(ProjectConfigurationPlatforms) = postSolution
		{03E489D4-BDBF-4988-8089-71FCEFE3CAAF}.Debug|Any CPU.ActiveCfg = Debug|Any CPU
		{03E489D4-BDBF-4988-8089-71FCEFE3CAAF}.Debug|Any CPU.Build.0 = Debug|Any CPU
		{03E489D4-BDBF-4988-8089-71FCEFE3CAAF}.Release|Any CPU.ActiveCfg = Release|Any CPU
		{03E489D4-BDBF-4988-8089-71FCEFE3CAAF}.Release|Any CPU.Build.0 = Release|Any CPU
	EndGlobalSection
	GlobalSection(SolutionProperties) = preSolution
		HideSolutionNode = FALSE
	EndGlobalSection
	GlobalSection(ExtensibilityGlobals) = postSolution
		SolutionGuid = {6DC0BCBE-F256-4ABB-B877-63B6526C5326}
	EndGlobalSection
EndGlobal
